
Microsoft Visual Studio Solution File, Format Version 12.00
# Visual Studio Version 17
VisualStudioVersion = 17.14.36616.10
MinimumVisualStudioVersion = 10.0.40219.1
Project("{FAE04EC0-301F-11D3-BF4B-00C04F79EFBC}") = "JustReadTheInstructions", "Source\JustReadTheInstructions.csproj", "{1BC4D6DA-69AF-41FD-8F12-9BCC1E70CC97}"
EndProject
Global
	GlobalSection(SolutionConfigurationPlatforms) = preSolution
		Debug|Any CPU = Debug|Any CPU
		Release|Any CPU = Release|Any CPU
	EndGlobalSection
	GlobalSection(ProjectConfigurationPlatforms) = postSolution
		{1BC4D6DA-69AF-41FD-8F12-9BCC1E70CC97}.Debug|Any CPU.ActiveCfg = Debug|Any CPU
		{1BC4D6DA-69AF-41FD-8F12-9BCC1E70CC97}.Debug|Any CPU.Build.0 = Debug|Any CPU
		{1BC4D6DA-69AF-41FD-8F12-9BCC1E70CC97}.Release|Any CPU.ActiveCfg = Release|Any CPU
		{1BC4D6DA-69AF-41FD-8F12-9BCC1E70CC97}.Release|Any CPU.Build.0 = Release|Any CPU
	EndGlobalSection
	GlobalSection(SolutionProperties) = preSolution
		HideSolutionNode = FALSE
	EndGlobalSection
	GlobalSection(ExtensibilityGlobals) = postSolution
		SolutionGuid = {FCE97D2D-FEDD-436B-935F-458AB5FB604B}
	EndGlobalSection
EndGlobal
